PODS:
  - Google-Mobile-Ads-SDK (11.13.0):
    - GoogleUserMessagingPlatform (>= 1.1)
  - GoogleUserMessagingPlatform (2.7.0)
  - PurchasesHybridCommon (17.21.2):
    - RevenueCat (= 5.49.2)
  - PurchasesHybridCommonUI (17.21.2):
    - PurchasesHybridCommon (= 17.21.2)
    - RevenueCatUI (= 5.49.2)
  - RevenueCat (5.49.2)
  - RevenueCatUI (5.49.2):
    - RevenueCat (= 5.49.2)

DEPENDENCIES:
  - Google-Mobile-Ads-SDK (= 11.13.0)
  - PurchasesHybridCommonUI (= 17.21.2)

SPEC REPOS:
  trunk:
    - Google-Mobile-Ads-SDK
    - GoogleUserMessagingPlatform
    - PurchasesHybridCommon
    - PurchasesHybridCommonUI
    - RevenueCat
    - RevenueCatUI

SPEC CHECKSUMS:
  Google-Mobile-Ads-SDK: 14f57f2dc33532a24db288897e26494640810407
  GoogleUserMessagingPlatform: a8b56893477f67212fbc8411c139e61d463349f5
  PurchasesHybridCommon: 71c94158ff8985657d37d5f3be05602881227619
  PurchasesHybridCommonUI: c490142361da500ea8fe2f75cd6d56df0f7e3152
  RevenueCat: d185cbff8be9425b5835042afd6889389bb756c8
  RevenueCatUI: 3d17f9f0bf7ed299c1671552378086ceeff308fd

PODFILE CHECKSUM: 0825092c6ef1fa90005b6d52cdff908b20dd2366

COCOAPODS: 1.16.2
