PODS:
  - Google-Mobile-Ads-SDK (11.13.0):
    - GoogleUserMessagingPlatform (>= 1.1)
  - GoogleUserMessagingPlatform (2.7.0)
  - PurchasesHybridCommon (13.26.1):
    - RevenueCat (= 5.20.2)
  - PurchasesHybridCommonUI (13.26.1):
    - PurchasesHybridCommon (= 13.26.1)
    - RevenueCatUI (= 5.20.2)
  - RevenueCat (5.20.2)
  - RevenueCatUI (5.20.2):
    - RevenueCat (= 5.20.2)

DEPENDENCIES:
  - Google-Mobile-Ads-SDK (= 11.13.0)
  - PurchasesHybridCommonUI (= 13.26.1)

SPEC REPOS:
  trunk:
    - Google-Mobile-Ads-SDK
    - GoogleUserMessagingPlatform
    - PurchasesHybridCommon
    - PurchasesHybridCommonUI
    - RevenueCat
    - RevenueCatUI

SPEC CHECKSUMS:
  Google-Mobile-Ads-SDK: 14f57f2dc33532a24db288897e26494640810407
  GoogleUserMessagingPlatform: a8b56893477f67212fbc8411c139e61d463349f5
  PurchasesHybridCommon: aeebb5b2a956514f8f3ebde2a1574e07d2164ae8
  PurchasesHybridCommonUI: 009fba33850bd72682ab24934cdb0a484fc44293
  RevenueCat: 9af6740f8629097fcacda9b3cb6b927319c53a26
  RevenueCatUI: f439efb7da9e5e8d4f3686901f3a84d94d82e4c7

PODFILE CHECKSUM: 3ae9a4b6ab81abee75825b1ce644da3bd86a520f

COCOAPODS: 1.15.2
